
Microsoft Visual Studio Solution File, Format Version 12.00
# Visual Studio Version 16
VisualStudioVersion = 16.0.30611.23
MinimumVisualStudioVersion = 10.0.40219.1
Project("{FAE04EC0-301F-11D3-BF4B-00C04F79EFBC}") = "NetDb2Example", "NetDb2Example\NetDb2Example.csproj", "{C733AAD7-935B-4215-BCDB-FA697EC3DAA9}"
EndProject
Global
	GlobalSection(SolutionConfigurationPlatforms) = preSolution
		Debug|Any CPU = Debug|Any CPU
		Release|Any CPU = Release|Any CPU
	EndGlobalSection
	GlobalSection(ProjectConfigurationPlatforms) = postSolution
		{C733AAD7-935B-4215-BCDB-FA697EC3DAA9}.Debug|Any CPU.ActiveCfg = Debug|Any CPU
		{C733AAD7-935B-4215-BCDB-FA697EC3DAA9}.Debug|Any CPU.Build.0 = Debug|Any CPU
		{C733AAD7-935B-4215-BCDB-FA697EC3DAA9}.Release|Any CPU.ActiveCfg = Release|Any CPU
		{C733AAD7-935B-4215-BCDB-FA697EC3DAA9}.Release|Any CPU.Build.0 = Release|Any CPU
	EndGlobalSection
	GlobalSection(SolutionProperties) = preSolution
		HideSolutionNode = FALSE
	EndGlobalSection
	GlobalSection(ExtensibilityGlobals) = postSolution
		SolutionGuid = {A63AAFA5-D061-4135-A0FB-049BD99D61BE}
	EndGlobalSection
EndGlobal
